
Microsoft Visual Studio Solution File, Format Version 12.00
# Visual Studio Version 17
VisualStudioVersion = 17.13.35931.197 d17.13
MinimumVisualStudioVersion = 10.0.40219.1
Project("{FAE04EC0-301F-11D3-BF4B-00C04F79EFBC}") = "DeepfakeWebApp", "DeepfakeWebApp\DeepfakeWebApp.csproj", "{890BE175-ECB8-4C4E-BB7F-9E63282C6716}"
EndProject
Global
	GlobalSection(SolutionConfigurationPlatforms) = preSolution
		Debug|Any CPU = Debug|Any CPU
		Release|Any CPU = Release|Any CPU
	EndGlobalSection
	GlobalSection(ProjectConfigurationPlatforms) = postSolution
		{890BE175-ECB8-4C4E-BB7F-9E63282C6716}.Debug|Any CPU.ActiveCfg = Debug|Any CPU
		{890BE175-ECB8-4C4E-BB7F-9E63282C6716}.Debug|Any CPU.Build.0 = Debug|Any CPU
		{890BE175-ECB8-4C4E-BB7F-9E63282C6716}.Release|Any CPU.ActiveCfg = Release|Any CPU
		{890BE175-ECB8-4C4E-BB7F-9E63282C6716}.Release|Any CPU.Build.0 = Release|Any CPU
	EndGlobalSection
	GlobalSection(SolutionProperties) = preSolution
		HideSolutionNode = FALSE
	EndGlobalSection
	GlobalSection(ExtensibilityGlobals) = postSolution
		SolutionGuid = {F9772B7D-AF89-40AC-8323-7770DF22888D}
	EndGlobalSection
EndGlobal
